
Microsoft Visual Studio Solution File, Format Version 11.00
# Visual Studio 2010
Project("{FAE04EC0-301F-11D3-BF4B-00C04F79EFBC}") = "jose-jwt", "jose-jwt.csproj", "{E4957C4C-16E4-45CB-9B26-B4104184F811}"
EndProject
Global
	GlobalSection(SolutionConfigurationPlatforms) = preSolution
		Debug|Any CPU = Debug|Any CPU
		Release|Any CPU = Release|Any CPU
	EndGlobalSection
	GlobalSection(ProjectConfigurationPlatforms) = postSolution
		{E4957C4C-16E4-45CB-9B26-B4104184F811}.Debug|Any CPU.ActiveCfg = Debug|Any CPU
		{E4957C4C-16E4-45CB-9B26-B4104184F811}.Debug|Any CPU.Build.0 = Debug|Any CPU
		{E4957C4C-16E4-45CB-9B26-B4104184F811}.Release|Any CPU.ActiveCfg = Release|Any CPU
		{E4957C4C-16E4-45CB-9B26-B4104184F811}.Release|Any CPU.Build.0 = Release|Any CPU
	EndGlobalSection
	GlobalSection(SolutionProperties) = preSolution
		HideSolutionNode = FALSE
	EndGlobalSection
EndGlobal
