
Microsoft Visual Studio Solution File, Format Version 11.00
# Visual Studio 2010
Project("{FAE04EC0-301F-11D3-BF4B-00C04F79EFBC}") = "Environment", "Environment.csproj", "{E2279B59-5E60-4509-80E7-6B94FDF6EE3A}"
EndProject
Global
	GlobalSection(SolutionConfigurationPlatforms) = preSolution
		Debug|Any CPU = Debug|Any CPU
		Release|Any CPU = Release|Any CPU
	EndGlobalSection
	GlobalSection(ProjectConfigurationPlatforms) = postSolution
		{E2279B59-5E60-4509-80E7-6B94FDF6EE3A}.Debug|Any CPU.ActiveCfg = Debug|Any CPU
		{E2279B59-5E60-4509-80E7-6B94FDF6EE3A}.Debug|Any CPU.Build.0 = Debug|Any CPU
		{E2279B59-5E60-4509-80E7-6B94FDF6EE3A}.Release|Any CPU.ActiveCfg = Release|Any CPU
		{E2279B59-5E60-4509-80E7-6B94FDF6EE3A}.Release|Any CPU.Build.0 = Release|Any CPU
	EndGlobalSection
	GlobalSection(SolutionProperties) = preSolution
		HideSolutionNode = FALSE
	EndGlobalSection
EndGlobal
