
Microsoft Visual Studio Solution File, Format Version 11.00
# Visual Studio 2010
Project("{FAE04EC0-301F-11D3-BF4B-00C04F79EFBC}") = "Elli.SQE.DD", "Elli.SQE.DD.csproj", "{FDA469D3-65EB-4CBE-A737-EDD429C8BEEC}"
EndProject
Global
	GlobalSection(SolutionConfigurationPlatforms) = preSolution
		Debug|Any CPU = Debug|Any CPU
		Release|Any CPU = Release|Any CPU
	EndGlobalSection
	GlobalSection(ProjectConfigurationPlatforms) = postSolution
		{FDA469D3-65EB-4CBE-A737-EDD429C8BEEC}.Debug|Any CPU.ActiveCfg = Debug|Any CPU
		{FDA469D3-65EB-4CBE-A737-EDD429C8BEEC}.Debug|Any CPU.Build.0 = Debug|Any CPU
		{FDA469D3-65EB-4CBE-A737-EDD429C8BEEC}.Release|Any CPU.ActiveCfg = Release|Any CPU
		{FDA469D3-65EB-4CBE-A737-EDD429C8BEEC}.Release|Any CPU.Build.0 = Release|Any CPU
	EndGlobalSection
	GlobalSection(SolutionProperties) = preSolution
		HideSolutionNode = FALSE
	EndGlobalSection
EndGlobal
