
Microsoft Visual Studio Solution File, Format Version 11.00
# Visual Studio 2010
Project("{FAE04EC0-301F-11D3-BF4B-00C04F79EFBC}") = "DashBoard", "DashBoard.csproj", "{84095086-D4CA-49A1-B28F-34C0770E3B73}"
EndProject
Global
	GlobalSection(SolutionConfigurationPlatforms) = preSolution
		Debug|Any CPU = Debug|Any CPU
		Release|Any CPU = Release|Any CPU
	EndGlobalSection
	GlobalSection(ProjectConfigurationPlatforms) = postSolution
		{84095086-D4CA-49A1-B28F-34C0770E3B73}.Debug|Any CPU.ActiveCfg = Debug|Any CPU
		{84095086-D4CA-49A1-B28F-34C0770E3B73}.Debug|Any CPU.Build.0 = Debug|Any CPU
		{84095086-D4CA-49A1-B28F-34C0770E3B73}.Release|Any CPU.ActiveCfg = Release|Any CPU
		{84095086-D4CA-49A1-B28F-34C0770E3B73}.Release|Any CPU.Build.0 = Release|Any CPU
	EndGlobalSection
	GlobalSection(SolutionProperties) = preSolution
		HideSolutionNode = FALSE
	EndGlobalSection
EndGlobal
