
Microsoft Visual Studio Solution File, Format Version 11.00
# Visual Studio 2010
Project("{FAE04EC0-301F-11D3-BF4B-00C04F79EFBC}") = "CRMTool", "CRMTool.csproj", "{CFACF791-0D05-4624-9A75-5F7E86DEBF8D}"
EndProject
Global
	GlobalSection(SolutionConfigurationPlatforms) = preSolution
		Debug|Any CPU = Debug|Any CPU
		Release|Any CPU = Release|Any CPU
	EndGlobalSection
	GlobalSection(ProjectConfigurationPlatforms) = postSolution
		{CFACF791-0D05-4624-9A75-5F7E86DEBF8D}.Debug|Any CPU.ActiveCfg = Debug|Any CPU
		{CFACF791-0D05-4624-9A75-5F7E86DEBF8D}.Debug|Any CPU.Build.0 = Debug|Any CPU
		{CFACF791-0D05-4624-9A75-5F7E86DEBF8D}.Release|Any CPU.ActiveCfg = Release|Any CPU
		{CFACF791-0D05-4624-9A75-5F7E86DEBF8D}.Release|Any CPU.Build.0 = Release|Any CPU
	EndGlobalSection
	GlobalSection(SolutionProperties) = preSolution
		HideSolutionNode = FALSE
	EndGlobalSection
EndGlobal
